
Microsoft Visual Studio Solution File, Format Version 12.00
# Visual Studio 15
VisualStudioVersion = 15.0.28307.271
MinimumVisualStudioVersion = 10.0.40219.1
Project("{888888A0-9F3D-457C-B088-3A5042F75D52}") = "deadoralive", "deadoralive\deadoralive.pyproj", "{F308E67C-FE97-4D54-9BA3-179D745347D4}"
EndProject
Global
	GlobalSection(SolutionConfigurationPlatforms) = preSolution
		Debug|Any CPU = Debug|Any CPU
		Release|Any CPU = Release|Any CPU
	EndGlobalSection
	GlobalSection(ProjectConfigurationPlatforms) = postSolution
		{F308E67C-FE97-4D54-9BA3-179D745347D4}.Debug|Any CPU.ActiveCfg = Debug|Any CPU
		{F308E67C-FE97-4D54-9BA3-179D745347D4}.Release|Any CPU.ActiveCfg = Release|Any CPU
	EndGlobalSection
	GlobalSection(SolutionProperties) = preSolution
		HideSolutionNode = FALSE
	EndGlobalSection
	GlobalSection(ExtensibilityGlobals) = postSolution
		SolutionGuid = {537D02FA-ADED-4656-9DEC-2FA991C5B4A0}
	EndGlobalSection
EndGlobal
